github.com/BurntSushi/xgb v0.0.0-20160522181843-27f122750802/go.mod h1:IVnqGOEym/WlBOVXweHU+Q+/VP0lqqI8lqeDx9IjBqo=
github.com/davecgh/go-spew v1.1.1 h1:vj9j/u1bqnvCEfJOwUhtlOARqs3+rkHYY13jYWTU97c=
github.com/ebitengine/purego v0.0.0-20220905075623-aeed57cda744/go.mod h1:Eh8I3yvknDYZeCuXH9kRNaPuHEwvXDCk378o9xszmHg=
github.com/ebitengine/purego v0.1.1 h1:HI8nW+LniW9Yb34k34jBs8nz+PNzsw68o7JF8jWFHHE=
github.com/ebitengine/purego v0.1.1/go.mod h1:Eh8I3yvknDYZeCuXH9kRNaPuHEwvXDCk378o9xszmHg=
github.com/ebitenui/ebitenui v0.2.7 h1:OKjIp8BzzHjw8ZVqOO7lT1ab1nNtsQH0hXzzNFt/8XI=
github.com/ebitenui/ebitenui v0.2.7/go.mod h1:6N/X7+q16oFS1sGZczpo7v9Cu9rZEsmMf9977zICP5Y=
github.com/ebitenui/ebitenui v0.3.4 h1:muEroSZsQ+6CanHuimaCL50gG4t2UW1sDTzcup9OIr0=
github.com/ebitenui/ebitenui v0.3.4/go.mod h1:6N/X7+q16oFS1sGZczpo7v9Cu9rZEsmMf9977zICP5Y=
github.com/go-gl/glfw/v3.3/glfw v0.0.0-20220806181222-55e207c401ad/go.mod h1:tQ2UAYgL5IevRw8kRxooKSPJfGvJ9fJQFa0TUsXzTg8=
github.com/go-gl/glfw/v3.3/glfw v0.0.0-20221017161538-93cebf72946b h1:GgabKamyOYguHqHjSkDACcgoPIz3w0Dis/zJ1wyHHHU=
github.com/go-gl/glfw/v3.3/glfw v0.0.0-20221017161538-93cebf72946b/go.mod h1:tQ2UAYgL5IevRw8kRxooKSPJfGvJ9fJQFa0TUsXzTg8=
github.com/golang/freetype v0.0.0-20170609003504-e2365dfdc4a0 h1:DACJavvAHhabrF08vX0COfcOBJRhZ8lUbR+ZWIs0Y5g=
github.com/hajimehoshi/bitmapfont/v2 v2.2.2 h1:4z08Fk1m3pjtlO7BdoP48u5bp/Y8xmKshf44aCXgYpE=
github.com/hajimehoshi/bitmapfont/v2 v2.2.2/go.mod h1:Ua/x9Dkz7M9CU4zr1VHWOqGwjKdXbOTRsH7lWfb1Co0=
github.com/hajimehoshi/ebiten/v2 v2.4.16 h1:vhuMtaB78N2HlNMfImV/SZkDPNJhOxgFrEIm1uh838o=
github.com/hajimehoshi/ebiten/v2 v2.4.16/go.mod h1:BZcqCU4XHmScUi+lsKexocWcf4offMFwfp8dVGIB/G4=
github.com/hajimehoshi/file2byteslice v0.0.0-20210813153925-5340248a8f41/go.mod h1:CqqAHp7Dk/AqQiwuhV1yT2334qbA/tFWQW0MD2dGqUE=
github.com/hajimehoshi/file2byteslice v1.0.0 h1:ljd5KTennqyJ4vG9i/5jS8MD1prof97vlH5JOdtw3WU=
github.com/hajimehoshi/file2byteslice v1.0.0/go.mod h1:CqqAHp7Dk/AqQiwuhV1yT2334qbA/tFWQW0MD2dGqUE=
github.com/hajimehoshi/go-mp3 v0.3.3/go.mod h1:qMJj/CSDxx6CGHiZeCgbiq2DSUkbK0UbtXShQcnfyMM=
github.com/hajimehoshi/oto v0.6.1/go.mod h1:0QXGEkbuJRohbJaxr7ZQSxnju7hEhseiPx2hrh6raOI=
github.com/hajimehoshi/oto/v2 v2.3.1 h1:qrLKpNus2UfD674oxckKjNJmesp9hMh7u7QCrStB3Rc=
github.com/hajimehoshi/oto/v2 v2.3.1/go.mod h1:seWLbgHH7AyUMYKfKYT9pg7PhUu9/SisyJvNTT+ASQo=
github.com/jakecoffman/cp v1.2.1/go.mod h1:JjY/Fp6d8E1CHnu74gWNnU0+b9VzEdUVPoJxg2PsTQg=
github.com/jezek/xgb v1.0.1/go.mod h1:nrhwO0FX/enq75I7Y7G8iN1ubpSGZEiA3v9e9GyRFlk=
github.com/jezek/xgb v1.1.0 h1:wnpxJzP1+rkbGclEkmwpVFQWpuE2PUGNUzP8SbfFobk=
github.com/jezek/xgb v1.1.0/go.mod h1:nrhwO0FX/enq75I7Y7G8iN1ubpSGZEiA3v9e9GyRFlk=
github.com/jfreymuth/oggvorbis v1.0.4/go.mod h1:1U4pqWmghcoVsCJJ4fRBKv9peUJMBHixthRlBeD6uII=
github.com/jfreymuth/oggvorbis v1.0.5 h1:u+Ck+R0eLSRhgq8WTmffYnrVtSztJcYrl588DM4e3kQ=
github.com/jfreymuth/oggvorbis v1.0.5/go.mod h1:1U4pqWmghcoVsCJJ4fRBKv9peUJMBHixthRlBeD6uII=
github.com/jfreymuth/vorbis v1.0.2 h1:m1xH6+ZI4thH927pgKD8JOH4eaGRm18rEE9/0WKjvNE=
github.com/jfreymuth/vorbis v1.0.2/go.mod h1:DoftRo4AznKnShRl1GxiTFCseHr4zR9BN3TWXyuzrqQ=
github.com/matryer/is v1.4.0 h1:sosSmIWwkYITGrxZ25ULNDeKiMNzFSr4V/eqBQP0PeE=
github.com/pkg/browser v0.0.0-20210911075715-681adbf594b8/go.mod h1:HKlIX3XHQyzLZPlr7++PzdhaXEj94dEiJgZDTsxEqUI=
github.com/pmezard/go-difflib v1.0.0 h1:4DBwDE0NGyQoBHbLQYPwSUPoCMWR5BEzIk/f1lZbAQM=
github.com/quasilyte/ebitengine-resource v0.5.1-0.20230215192522-62a61a4ab6b8 h1:pboonUte8ELejyq83hP1zH0sfvcwRsYgX2OWJC9fSHU=
github.com/quasilyte/ebitengine-resource v0.5.1-0.20230215192522-62a61a4ab6b8/go.mod h1:PEj32KsbbcgeSzAYQY5KspbImb/ucvJXoBgRMUrtBAQ=
github.com/quasilyte/ebitengine-resource v0.5.1-0.20230301215552-afd21c3065ff h1:bj5GPthnwdc0kya97m/JmL613RBkzpZm1mWeGcdVK2I=
github.com/quasilyte/ebitengine-resource v0.5.1-0.20230301215552-afd21c3065ff/go.mod h1:PEj32KsbbcgeSzAYQY5KspbImb/ucvJXoBgRMUrtBAQ=
github.com/quasilyte/ge v0.0.0-20230223113009-a0a72d25d268 h1:BGRK8jfQSP3/I1AuvWBZj3OTaPdiORow8GTqAa0Dz5Y=
github.com/quasilyte/ge v0.0.0-20230223113009-a0a72d25d268/go.mod h1:F/8nwhUzsOGThfVy5sNR1vyy4xQUKfGEqY9LCYUfZWM=
github.com/quasilyte/ge v0.0.0-20230227191812-2548d9044fb8 h1:fqkpgHOFN6PJ10Hp8vopEG5idzJZoFdz3/T8mT86ZPc=
github.com/quasilyte/ge v0.0.0-20230227191812-2548d9044fb8/go.mod h1:F/8nwhUzsOGThfVy5sNR1vyy4xQUKfGEqY9LCYUfZWM=
github.com/quasilyte/ge v0.0.0-20230227193713-19a78342bf98 h1:5Wg+l6JewEsOtzOW4t9zi7GeR9+as/vp4xLhwATIZzs=
github.com/quasilyte/ge v0.0.0-20230227193713-19a78342bf98/go.mod h1:F/8nwhUzsOGThfVy5sNR1vyy4xQUKfGEqY9LCYUfZWM=
github.com/quasilyte/ge v0.0.0-20230228001438-3eaa0f13aae0 h1:fBPeuSf26IxZucQa6iHts5utdIEMFgwp5I10Mvt28eA=
github.com/quasilyte/ge v0.0.0-20230228001438-3eaa0f13aae0/go.mod h1:F/8nwhUzsOGThfVy5sNR1vyy4xQUKfGEqY9LCYUfZWM=
github.com/quasilyte/ge v0.0.0-20230228084300-ba91ec0b0c48 h1:Vc9YISJLX3FABFcQ7gO+M6nanYvJPH7X1E2AUgEQ0Go=
github.com/quasilyte/ge v0.0.0-20230228084300-ba91ec0b0c48/go.mod h1:F/8nwhUzsOGThfVy5sNR1vyy4xQUKfGEqY9LCYUfZWM=
github.com/quasilyte/ge v0.0.0-20230228204123-506f8d4f681b h1:QNtk9jLCuVw5U4mNwgOLQGDFZ21CdPNwLuCYMMvK1dc=
github.com/quasilyte/ge v0.0.0-20230228204123-506f8d4f681b/go.mod h1:F/8nwhUzsOGThfVy5sNR1vyy4xQUKfGEqY9LCYUfZWM=
github.com/quasilyte/ge v0.0.0-20230301215844-514013ad0533 h1:5BACn0WEz2qT0mMcdQ2Wz/fmkwdchgv5NCkeKsy9EWw=
github.com/quasilyte/ge v0.0.0-20230301215844-514013ad0533/go.mod h1:OAesjAc5uXOrGbk3VxQ6m+ilDlKNyMwL9jkjTRHv9dM=
github.com/quasilyte/ge v0.0.0-20230301222223-9ccd6adfef3e h1:Fwjm6Z5aMogN2CDaMIo2zVK5MYMPuP5uBDB9oFzi504=
github.com/quasilyte/ge v0.0.0-20230301222223-9ccd6adfef3e/go.mod h1:OAesjAc5uXOrGbk3VxQ6m+ilDlKNyMwL9jkjTRHv9dM=
github.com/quasilyte/ge v0.0.0-20230329231450-73cbb3000cc1 h1:wRhFj9snJmF4ROIseXk3dCs1d6vphzHxrvLPLx1RhCs=
github.com/quasilyte/ge v0.0.0-20230329231450-73cbb3000cc1/go.mod h1:OAesjAc5uXOrGbk3VxQ6m+ilDlKNyMwL9jkjTRHv9dM=
github.com/quasilyte/ge v0.0.0-20230329231621-b7333d3ab258 h1:wfqOOyfTFrOI9Dv2ewAqrXeZoMLANqji7U5IaPjF8Ig=
github.com/quasilyte/ge v0.0.0-20230329231621-b7333d3ab258/go.mod h1:OAesjAc5uXOrGbk3VxQ6m+ilDlKNyMwL9jkjTRHv9dM=
github.com/quasilyte/ge v0.0.0-20230403092907-f0e370b5ec52 h1:guEwcbrRiTBiwTm7pd2GLGtuviHwgC4byrxDXAR6YYg=
github.com/quasilyte/ge v0.0.0-20230403092907-f0e370b5ec52/go.mod h1:OAesjAc5uXOrGbk3VxQ6m+ilDlKNyMwL9jkjTRHv9dM=
github.com/quasilyte/ge v0.0.0-20230404112759-018dc26b57b8 h1:4XqHgsdSt1C+e+3MevLBc0jJFMqVNJFj+5rLjK8ydpw=
github.com/quasilyte/ge v0.0.0-20230404112759-018dc26b57b8/go.mod h1:OAesjAc5uXOrGbk3VxQ6m+ilDlKNyMwL9jkjTRHv9dM=
github.com/quasilyte/ge v0.0.0-20230404114224-85ed0d915154 h1:IWs7o4kjP6erBC4tMzcV4hyhKWzBPZgdGdjThg5YXao=
github.com/quasilyte/ge v0.0.0-20230404114224-85ed0d915154/go.mod h1:OAesjAc5uXOrGbk3VxQ6m+ilDlKNyMwL9jkjTRHv9dM=
github.com/quasilyte/ge v0.0.0-20230404114911-43af3eb99601 h1:xRCpSZ8+CftqDIhkVqTq2I7DcHgRPxgZxCpWudykGJ0=
github.com/quasilyte/ge v0.0.0-20230404114911-43af3eb99601/go.mod h1:OAesjAc5uXOrGbk3VxQ6m+ilDlKNyMwL9jkjTRHv9dM=
github.com/quasilyte/ge v0.0.0-20230404222407-0aca39a5e03b h1:GcfoAVonqjnIDsxDdJjfspRCB98f4gQ/lKYTKWJLvEg=
github.com/quasilyte/ge v0.0.0-20230404222407-0aca39a5e03b/go.mod h1:OAesjAc5uXOrGbk3VxQ6m+ilDlKNyMwL9jkjTRHv9dM=
github.com/quasilyte/ge v0.0.0-20230409071945-4386ccd9ded8 h1:RVkVVrrwD4XQw4JlIRzUyuxq5NkdOBYYnxiFhlN6mg8=
github.com/quasilyte/ge v0.0.0-20230409071945-4386ccd9ded8/go.mod h1:OAesjAc5uXOrGbk3VxQ6m+ilDlKNyMwL9jkjTRHv9dM=
github.com/quasilyte/ge v0.0.0-20230409073216-1ab75f63f21f h1:7uGgVAxSuUq/6Nk6rkaKaZ22t8LtwTBPd1dxyZBiUX0=
github.com/quasilyte/ge v0.0.0-20230409073216-1ab75f63f21f/go.mod h1:OAesjAc5uXOrGbk3VxQ6m+ilDlKNyMwL9jkjTRHv9dM=
github.com/quasilyte/ge v0.0.0-20230409124957-e766ccd64c19 h1:CC07LZNfECkDEXXrZcw99HsYNHzRDtbGFnRC2h5g4hU=
github.com/quasilyte/ge v0.0.0-20230409124957-e766ccd64c19/go.mod h1:OAesjAc5uXOrGbk3VxQ6m+ilDlKNyMwL9jkjTRHv9dM=
github.com/quasilyte/ge v0.0.0-20230409150714-6bf021a21c31 h1:6+BA0P4IaPzkmGEKNYNWxJuuS4k8D1VjWgz5T1cEZ+4=
github.com/quasilyte/ge v0.0.0-20230409150714-6bf021a21c31/go.mod h1:OAesjAc5uXOrGbk3VxQ6m+ilDlKNyMwL9jkjTRHv9dM=
github.com/quasilyte/gmath v0.0.0-20221217210116-fba37a2e15c7 h1:mvIS9aGirkzuYmHHNWAP6sLRoA5VFaIzMoFdPmqgPdY=
github.com/quasilyte/gmath v0.0.0-20221217210116-fba37a2e15c7/go.mod h1:EbI+KMbALSVE2s0YFOQpR4uj66zBh9ter5P4CBMSuvA=
github.com/quasilyte/gmath v0.0.0-20230301114146-53cf1cfcdcd5 h1:ySf/HgUnnlWjX1GaMF1JC9RtsSd9NhUZZddNkozCqSI=
github.com/quasilyte/gmath v0.0.0-20230301114146-53cf1cfcdcd5/go.mod h1:EbI+KMbALSVE2s0YFOQpR4uj66zBh9ter5P4CBMSuvA=
github.com/quasilyte/gmath v0.0.0-20230330100913-3c961c5497a9 h1:rjdY/+AuT9o/1p9wfd9MMViq6dpzL7Ch0CFf6Zm+8Z0=
github.com/quasilyte/gmath v0.0.0-20230330100913-3c961c5497a9/go.mod h1:EbI+KMbALSVE2s0YFOQpR4uj66zBh9ter5P4CBMSuvA=
github.com/quasilyte/gsignal v0.0.0-20230130114532-ff67b4bb9e15 h1:7JgEJ6KA+VQtt+Bbx2MpV4LttBOJTLH4ehB/R3DfijM=
github.com/quasilyte/gsignal v0.0.0-20230130114532-ff67b4bb9e15/go.mod h1:qAMDDsI56AFnSrBZYG8Tj/Ys+sRsakd8Ho2be2S8Vfc=
github.com/stretchr/objx v0.5.0 h1:1zr/of2m5FGMsad5YfcqgdqdWrIhu+EBEJRhR1U7z/c=
github.com/stretchr/testify v1.8.1 h1:w7B6lhMri9wdJUVmEZPGGhZzrYTPvgJArz7wNPgYKsk=
github.com/yuin/goldmark v1.4.0/go.mod h1:mwnBkeHKe2W/ZEtQ+71ViKU8L12m81fl3OWwC1Zlc8k=
github.com/yuin/goldmark v1.4.13/go.mod h1:6yULJ656Px+3vBD8DxQVa3kxgyrAnzto9xy5taEt/CY=
golang.org/x/crypto v0.0.0-20190308221718-c2843e01d9a2/go.mod h1:djNgcEr1/C05ACkg1iLfiJU5Ep61QUkGW8qpdssI0+w=
golang.org/x/crypto v0.0.0-20190510104115-cbcb75029529/go.mod h1:yigFU9vqHzYiE8UmvKecakEJjdnWj3jj499lnFckfCI=
golang.org/x/crypto v0.0.0-20191011191535-87dc89f01550/go.mod h1:yigFU9vqHzYiE8UmvKecakEJjdnWj3jj499lnFckfCI=
golang.org/x/crypto v0.0.0-20210921155107-089bfa567519/go.mod h1:GvvjBRRGRdwPK5ydBHafDWAxML/pGHZbMvKqRZ5+Abc=
golang.org/x/exp v0.0.0-20190306152737-a1d7652674e8/go.mod h1:CJ0aWSM057203Lf6IL+f9T1iT9GByDxfZKAQTCR3kQA=
golang.org/x/exp v0.0.0-20190731235908-ec7cb31e5a56/go.mod h1:JhuoJpWY28nO4Vef9tZUw9qufEGTyX1+7lmHxV5q5G4=
golang.org/x/exp v0.0.0-20221023144134-a1e5550cf13e h1:SkwG94eNiiYJhbeDE018Grw09HIN/KB9NlRmZsrzfWs=
golang.org/x/exp v0.0.0-20221023144134-a1e5550cf13e/go.mod h1:cyybsKvd6eL0RnXn6p/Grxp8F5bW7iYuBgsNCOHpMYE=
golang.org/x/exp/shiny v0.0.0-20230213192124-5e25df0256eb h1:gdeQX7xJSkTNF+Sw7++XNIOo4pGL0CjQv3N2Vm1Erxk=
golang.org/x/exp/shiny v0.0.0-20230213192124-5e25df0256eb/go.mod h1:UH99kUObWAZkDnWqppdQe5ZhPYESUw8I0zVV1uWBR+0=
golang.org/x/image v0.0.0-20190227222117-0694c2d4d067/go.mod h1:kZ7UVZpmo3dzQBMxlp+ypCbDeSB+sBbTgSJuh5dn5js=
golang.org/x/image v0.0.0-20190802002840-cff245a6509b/go.mod h1:FeLwcggjj3mMvU+oOTbSwawSJRM1uh48EjtB4UJZlP0=
golang.org/x/image v0.1.0/go.mod h1:iyPr49SD/G/TBxYVB/9RRtGUT5eNbo2u4NamWeQcD5c=
golang.org/x/image v0.5.0 h1:5JMiNunQeQw++mMOz48/ISeNu3Iweh/JaZU8ZLqHRrI=
golang.org/x/image v0.5.0/go.mod h1:FVC7BI/5Ym8R25iw5OLsgshdUBbT1h5jZTpA+mvAdZ4=
golang.org/x/mobile v0.0.0-20190312151609-d3739f865fa6/go.mod h1:z+o9i4GpDbdi3rU15maQ/Ox0txvL9dWGYEHz965HBQE=
golang.org/x/mobile v0.0.0-20190415191353-3e0bab5405d6/go.mod h1:E/iHnbuqvinMTCcRqshq8CkpyQDoeVncDDYHnLhea+o=
golang.org/x/mobile v0.0.0-20220722155234-aaac322e2105/go.mod h1:pe2sM7Uk+2Su1y7u/6Z8KJ24D7lepUjFZbhFOrmDfuQ=
golang.org/x/mobile v0.0.0-20221110043201-43a038452099 h1:aIu0lKmfdgtn2uTj7JI2oN4TUrQvgB+wzTPO23bCKt8=
golang.org/x/mobile v0.0.0-20221110043201-43a038452099/go.mod h1:aAjjkJNdrh3PMckS4B10TGS2nag27cbKR1y2BpUxsiY=
golang.org/x/mod v0.1.0/go.mod h1:0QHyrYULN0/3qlju5TqG8bIK38QM8yzMo5ekMj3DlcY=
golang.org/x/mod v0.4.2/go.mod h1:s0Qsj1ACt9ePp/hMypM3fl4fZqREWJwdYDEqhRiZZUA=
golang.org/x/mod v0.6.0-dev.0.20220419223038-86c51ed26bb4/go.mod h1:jJ57K6gSWd91VN4djpZkiMVwK6gcyfeH4XE8wZrZaV4=
golang.org/x/net v0.0.0-20190311183353-d8887717615a/go.mod h1:t9HGtf8HONx5eT2rtn7q6eTqICYqUVnKs3thJo3Qplg=
golang.org/x/net v0.0.0-20190404232315-eb5bcb51f2a3/go.mod h1:t9HGtf8HONx5eT2rtn7q6eTqICYqUVnKs3thJo3Qplg=
golang.org/x/net v0.0.0-20190620200207-3b0461eec859/go.mod h1:z5CRVTTTmAJ677TzLLGU+0bjPO0LkuOLi4/5GtJWs/s=
golang.org/x/net v0.0.0-20210226172049-e18ecbb05110/go.mod h1:m0MpNAwzfU5UDzcl9v0D8zg8gWTRqZa9RBIspLL5mdg=
golang.org/x/net v0.0.0-20210805182204-aaa1db679c0d/go.mod h1:9nx3DQGgdP8bBQD5qxJ1jj9UTztislL4KSBs9R2vV5Y=
golang.org/x/net v0.0.0-20220722155237-a158d28d115b/go.mod h1:XRhObCWvk6IyKnWLug+ECip1KBveYUHfp+8e9klMJ9c=
golang.org/x/sync v0.0.0-20190423024810-112230192c58/go.mod h1:RxMgew5VJxzue5/jJTE5uejpjVlOe/izrB70Jof72aM=
golang.org/x/sync v0.0.0-20210220032951-036812b2e83c/go.mod h1:RxMgew5VJxzue5/jJTE5uejpjVlOe/izrB70Jof72aM=
golang.org/x/sync v0.0.0-20220722155255-886fb9371eb4/go.mod h1:RxMgew5VJxzue5/jJTE5uejpjVlOe/izrB70Jof72aM=
golang.org/x/sys v0.0.0-20190215142949-d0b11bdaac8a/go.mod h1:STP8DvDyc/dI5b8T5hshtkjS+E42TnysNCUPdjciGhY=
golang.org/x/sys v0.0.0-20190312061237-fead79001313/go.mod h1:h1NjWce9XRLGQEsW7wpKNCjG9DtNlClVuFLEZdDNbEs=
golang.org/x/sys v0.0.0-20190412213103-97732733099d/go.mod h1:h1NjWce9XRLGQEsW7wpKNCjG9DtNlClVuFLEZdDNbEs=
golang.org/x/sys v0.0.0-20190429190828-d89cdac9e872/go.mod h1:h1NjWce9XRLGQEsW7wpKNCjG9DtNlClVuFLEZdDNbEs=
golang.org/x/sys v0.0.0-20201119102817-f84b799fce68/go.mod h1:h1NjWce9XRLGQEsW7wpKNCjG9DtNlClVuFLEZdDNbEs=
golang.org/x/sys v0.0.0-20210423082822-04245dca01da/go.mod h1:h1NjWce9XRLGQEsW7wpKNCjG9DtNlClVuFLEZdDNbEs=
golang.org/x/sys v0.0.0-20210615035016-665e8c7367d1/go.mod h1:oPkhp1MJrh7nUepCBck5+mAzfO9JrbApNNgaTdGDITg=
golang.org/x/sys v0.0.0-20210616045830-e2b7044e8c71/go.mod h1:oPkhp1MJrh7nUepCBck5+mAzfO9JrbApNNgaTdGDITg=
golang.org/x/sys v0.0.0-20210809222454-d867a43fc93e/go.mod h1:oPkhp1MJrh7nUepCBck5+mAzfO9JrbApNNgaTdGDITg=
golang.org/x/sys v0.0.0-20220520151302-bc2c85ada10a/go.mod h1:oPkhp1MJrh7nUepCBck5+mAzfO9JrbApNNgaTdGDITg=
golang.org/x/sys v0.0.0-20220712014510-0a85c31ab51e/go.mod h1:oPkhp1MJrh7nUepCBck5+mAzfO9JrbApNNgaTdGDITg=
golang.org/x/sys v0.0.0-20220722155257-8c9f86f7a55f/go.mod h1:oPkhp1MJrh7nUepCBck5+mAzfO9JrbApNNgaTdGDITg=
golang.org/x/sys v0.0.0-20220818161305-2296e01440c6/go.mod h1:oPkhp1MJrh7nUepCBck5+mAzfO9JrbApNNgaTdGDITg=
golang.org/x/sys v0.5.0 h1:MUK/U/4lj1t1oPg0HfuXDN/Z1wv31ZJ/YcPiGccS4DU=
golang.org/x/sys v0.5.0/go.mod h1:oPkhp1MJrh7nUepCBck5+mAzfO9JrbApNNgaTdGDITg=
golang.org/x/term v0.0.0-20201126162022-7de9c90e9dd1/go.mod h1:bj7SfCRtBDWHUb9snDiAeCFNEtKQo2Wmx5Cou7ajbmo=
golang.org/x/term v0.0.0-20210927222741-03fcf44c2211/go.mod h1:jbD1KX2456YbFQfuXm/mYQcufACuNUgVhRMnK/tPxf8=
golang.org/x/text v0.3.0/go.mod h1:NqM8EUOU14njkJ3fqMW+pc6Ldnwhi/IjpwHt7yyuwOQ=
golang.org/x/text v0.3.3/go.mod h1:5Zoc/QRtKVWzQhOtBMvqHzDpF6irO9z98xDceosuGiQ=
golang.org/x/text v0.3.6/go.mod h1:5Zoc/QRtKVWzQhOtBMvqHzDpF6irO9z98xDceosuGiQ=
golang.org/x/text v0.3.7/go.mod h1:u+2+/6zg+i71rQMx5EYifcz6MCKuco9NR6JIITiCfzQ=
golang.org/x/text v0.4.0/go.mod h1:mrYo+phRRbMaCq/xk9113O4dZlRixOauAjOtrjsXDZ8=
golang.org/x/text v0.7.0 h1:4BRB4x83lYWy72KwLD/qYDuTu7q9PjSagHvijDw7cLo=
golang.org/x/text v0.7.0/go.mod h1:mrYo+phRRbMaCq/xk9113O4dZlRixOauAjOtrjsXDZ8=
golang.org/x/tools v0.0.0-20180917221912-90fa682c2a6e/go.mod h1:n7NCudcB/nEzxVGmLbDWY5pfWTLqBcC2KZ6jyYvM4mQ=
golang.org/x/tools v0.0.0-20190312151545-0bb0c0a6e846/go.mod h1:LCzVGOaR6xXOjkQ3onu1FJEFr0SW1gC7cKk1uF8kGRs=
golang.org/x/tools v0.0.0-20191119224855-298f0cb1881e/go.mod h1:b+2E5dAYhXwXZwtnZ6UAqBI28+e2cm9otk0dWdXHAEo=
golang.org/x/tools v0.1.8-0.20211022200916-316ba0b74098/go.mod h1:LGqMHiF4EqQNHR1JncWGqT5BVaXmza+X+BDGol+dOxo=
golang.org/x/tools v0.1.12/go.mod h1:hNGJHUnrk76NpqgfD5Aqm5Crs+Hm0VOH/i9J2+nxYbc=
golang.org/x/xerrors v0.0.0-20190717185122-a985d3407aa7/go.mod h1:I/5z698sn9Ka8TeJc9MKroUUfqBBauWjQqLJ2OPfmY0=
golang.org/x/xerrors v0.0.0-20191011141410-1b5146add898/go.mod h1:I/5z698sn9Ka8TeJc9MKroUUfqBBauWjQqLJ2OPfmY0=
golang.org/x/xerrors v0.0.0-20200804184101-5ec99f83aff1/go.mod h1:I/5z698sn9Ka8TeJc9MKroUUfqBBauWjQqLJ2OPfmY0=
gopkg.in/yaml.v3 v3.0.1 h1:fxVm/GzAzEWqLHuvctI91KS9hhNmmWOoWu0XTYJS7CA=
