github.com/cespare/subcmd v1.1.0 h1:r60BAqAKOGcBjxHmV9/WYvq5Qbp3xW9ByB+fRjtty9U=
github.com/cespare/subcmd v1.1.0/go.mod h1:wnVjukiuhSlhZSgGHUilbkHykG7Oglb0sJXpUQ+MoUw=
github.com/davecgh/go-spew v1.1.1 h1:vj9j/u1bqnvCEfJOwUhtlOARqs3+rkHYY13jYWTU97c=
github.com/ebitengine/oto/v3 v3.1.1 h1:utFNkSF4yXqA7VhMg7oHp3OSdz3vuzJQ42rCDnd8pc8=
github.com/ebitengine/oto/v3 v3.1.1/go.mod h1:bQM4zk9glIVjTynn8X0Lp1zngTlZltFFfzJvx543vdA=
github.com/ebitengine/purego v0.6.1 h1:sjN8rfzbhXQ59/pE+wInswbU9aMDHiwlup4p/a07Mkg=
github.com/ebitengine/purego v0.6.1/go.mod h1:ah1In8AOtksoNK6yk5z1HTJeUkC1Ez4Wk2idgGslMwQ=
github.com/golang/freetype v0.0.0-20170609003504-e2365dfdc4a0 h1:DACJavvAHhabrF08vX0COfcOBJRhZ8lUbR+ZWIs0Y5g=
github.com/hajimehoshi/bitmapfont/v3 v3.0.0 h1:r2+6gYK38nfztS/et50gHAswb9hXgxXECYgE8Nczmi4=
github.com/hajimehoshi/bitmapfont/v3 v3.0.0/go.mod h1:+CxxG+uMmgU4mI2poq944i3uZ6UYFfAkj9V6WqmuvZA=
github.com/hajimehoshi/ebiten/v2 v2.6.7 h1:rxlMxu487wZN/JteykmuGdO1qotOolL8vJDU85lPh7A=
github.com/hajimehoshi/ebiten/v2 v2.6.7/go.mod h1:gKgQI26zfoSb6j5QbrEz2L6nuHMbAYwrsXa5qsGrQKo=
github.com/hajimehoshi/go-steamworks v0.0.0-20231029064622-d8bdd4105652 h1:O/lhZQ3VhbGjj1iSVtw85MyQuKVW5BKEg7RE37U9a1Q=
github.com/hajimehoshi/go-steamworks v0.0.0-20231029064622-d8bdd4105652/go.mod h1:Hkcx215dUdM0mz5mJNiJgcc0GX9XOEIbi6eafr7Pyow=
github.com/jezek/xgb v1.1.1 h1:bE/r8ZZtSv7l9gk6nU0mYx51aXrvnyb44892TwSaqS4=
github.com/jezek/xgb v1.1.1/go.mod h1:nrhwO0FX/enq75I7Y7G8iN1ubpSGZEiA3v9e9GyRFlk=
github.com/jfreymuth/oggvorbis v1.0.5 h1:u+Ck+R0eLSRhgq8WTmffYnrVtSztJcYrl588DM4e3kQ=
github.com/jfreymuth/oggvorbis v1.0.5/go.mod h1:1U4pqWmghcoVsCJJ4fRBKv9peUJMBHixthRlBeD6uII=
github.com/jfreymuth/vorbis v1.0.2 h1:m1xH6+ZI4thH927pgKD8JOH4eaGRm18rEE9/0WKjvNE=
github.com/jfreymuth/vorbis v1.0.2/go.mod h1:DoftRo4AznKnShRl1GxiTFCseHr4zR9BN3TWXyuzrqQ=
github.com/matryer/is v1.4.1 h1:55ehd8zaGABKLXQUe2awZ99BD/PTc2ls+KV/dXphgEQ=
github.com/mattn/go-sqlite3 v1.14.22 h1:2gZY6PC6kBnID23Tichd1K+Z0oS6nE/XwU+Vz/5o4kU=
github.com/mattn/go-sqlite3 v1.14.22/go.mod h1:Uh1q+B4BYcTPb+yiD3kU8Ct7aC0hY9fxUwlHK0RXw+Y=
github.com/pkg/browser v0.0.0-20210911075715-681adbf594b8/go.mod h1:HKlIX3XHQyzLZPlr7++PzdhaXEj94dEiJgZDTsxEqUI=
github.com/pmezard/go-difflib v1.0.0 h1:4DBwDE0NGyQoBHbLQYPwSUPoCMWR5BEzIk/f1lZbAQM=
github.com/quasilyte/bitsweetfont v0.0.0-20240408095040-c6f562515891 h1:n9tKq1x42UTrQLozEPltesRI2L416+EitTqYr3KIVcU=
github.com/quasilyte/bitsweetfont v0.0.0-20240408095040-c6f562515891/go.mod h1:aWEGW3eW79W/s4F8bxiMtLT9fVkUH3K0wOxBbZJkC5w=
github.com/quasilyte/bitsweetfont v0.0.0-20240408111459-e7e022e7950d h1:psjaEvHGRYJ7QtioCJ2uifYTzRvCi2BUFTwQjg1r4Ns=
github.com/quasilyte/bitsweetfont v0.0.0-20240408111459-e7e022e7950d/go.mod h1:aWEGW3eW79W/s4F8bxiMtLT9fVkUH3K0wOxBbZJkC5w=
github.com/quasilyte/bitsweetfont v0.0.0-20240424114113-2e6ac9bf3724 h1:aCtDDqVQMIgMR+WkqhtoAtmA+Dznh6PzTmSKQ6Dr08s=
github.com/quasilyte/bitsweetfont v0.0.0-20240424114113-2e6ac9bf3724/go.mod h1:aWEGW3eW79W/s4F8bxiMtLT9fVkUH3K0wOxBbZJkC5w=
github.com/quasilyte/ebitengine-resource v0.5.1-0.20231101125830-f1fc00a87be0 h1:WeuhhT4z8gWxoCmeHVvIITcWmAwDpKPc9I4J/rkzbR4=
github.com/quasilyte/ebitengine-resource v0.5.1-0.20231101125830-f1fc00a87be0/go.mod h1:PEj32KsbbcgeSzAYQY5KspbImb/ucvJXoBgRMUrtBAQ=
github.com/quasilyte/ebitenui v0.0.0-20240328111513-e06549c63653 h1:Wsk/sfEgD8KXu/iRjRXIaKmSDqL5kP9cUcsu35O3OxE=
github.com/quasilyte/ebitenui v0.0.0-20240328111513-e06549c63653/go.mod h1:I0rVbTOUi7gWKTPet2gzbvhOdkHp5pJXMM6c6b3dRoE=
github.com/quasilyte/gdata v0.8.1 h1:cR9TFUHrRciVq1E4hqofan6jcQvmJd9lM1E7YLeUfi8=
github.com/quasilyte/gdata v0.8.1/go.mod h1:VZbd2RCpKR2cbTGuLC1Esnyl1+KFv/jXBJrs/ijL8TA=
github.com/quasilyte/ge v0.0.0-20231124151700-929daaff90ec h1:9pxzQXfTkwGKATAMbaSrDBOItQLiAqohc3en+KZZiHk=
github.com/quasilyte/ge v0.0.0-20231124151700-929daaff90ec/go.mod h1:SZ1XrZNdqgThnC/GS4lAPrwyP00pUNlESCDAGdZz95c=
github.com/quasilyte/ge v0.0.0-20240401194036-d365e4a24b88 h1:ch8MWJqeW27amIn7v5SyeeGJpoa/qWt1ekNm9H2QBkg=
github.com/quasilyte/ge v0.0.0-20240401194036-d365e4a24b88/go.mod h1:SZ1XrZNdqgThnC/GS4lAPrwyP00pUNlESCDAGdZz95c=
github.com/quasilyte/gmath v0.0.0-20230626195558-43d7cdc669ef h1:ylROAnCA+a6Ry6M9pkRXzL+bhPIT5ctHND5kcdxbwe4=
github.com/quasilyte/gmath v0.0.0-20230626195558-43d7cdc669ef/go.mod h1:EbI+KMbALSVE2s0YFOQpR4uj66zBh9ter5P4CBMSuvA=
github.com/quasilyte/gsignal v0.0.0-20231010082051-3c00e9ebb4e5 h1:G6D9dfcBvveLmNi8B7de96/347Xk8rvTyhQb6uNwWPQ=
github.com/quasilyte/gsignal v0.0.0-20231010082051-3c00e9ebb4e5/go.mod h1:qAMDDsI56AFnSrBZYG8Tj/Ys+sRsakd8Ho2be2S8Vfc=
github.com/quasilyte/xm v0.0.0-20240228102732-966acb9af598 h1:TYqC2w+HzzBr+Si/HjoXT/OPfp4NQ5kZcSQDQcK9YUs=
github.com/quasilyte/xm v0.0.0-20240228102732-966acb9af598/go.mod h1:NfR3uYC5yXgsGuSDHSXep+EiAPnNsa7/0jpWyGvRxng=
github.com/stretchr/objx v0.5.2 h1:xuMeJ0Sdp5ZMRXx/aWO6RZxdr3beISkG5/G/aIRr3pY=
github.com/stretchr/testify v1.9.0 h1:HtqpIVDClZ4nwg75+f6Lvsy/wHu+3BoSGCbBAcpTsTg=
github.com/yuin/goldmark v1.4.13/go.mod h1:6yULJ656Px+3vBD8DxQVa3kxgyrAnzto9xy5taEt/CY=
golang.org/x/crypto v0.0.0-20190308221718-c2843e01d9a2/go.mod h1:djNgcEr1/C05ACkg1iLfiJU5Ep61QUkGW8qpdssI0+w=
golang.org/x/crypto v0.0.0-20210921155107-089bfa567519/go.mod h1:GvvjBRRGRdwPK5ydBHafDWAxML/pGHZbMvKqRZ5+Abc=
golang.org/x/exp v0.0.0-20240325151524-a685a6edb6d8 h1:aAcj0Da7eBAtrTp03QXWvm88pSyOt+UgdZw2BFZ+lEw=
golang.org/x/exp v0.0.0-20240325151524-a685a6edb6d8/go.mod h1:CQ1k9gNrJ50XIzaKCRR2hssIjF07kZFEiieALBM/ARQ=
golang.org/x/exp/shiny v0.0.0-20240325151524-a685a6edb6d8 h1:GYlVE/zmuKm+XvR3nYWXZF0SaO2vvPX1Djy2LVOf+TU=
golang.org/x/exp/shiny v0.0.0-20240325151524-a685a6edb6d8/go.mod h1:3F+MieQB7dRYLTmnncoFbb1crS5lfQoTfDgQy6K4N0o=
golang.org/x/image v0.1.0/go.mod h1:iyPr49SD/G/TBxYVB/9RRtGUT5eNbo2u4NamWeQcD5c=
golang.org/x/image v0.15.0 h1:kOELfmgrmJlw4Cdb7g/QGuB3CvDrXbqEIww/pNtNBm8=
golang.org/x/image v0.15.0/go.mod h1:HUYqC05R2ZcZ3ejNQsIHQDQiwWM4JBqmm6MKANTp4LE=
golang.org/x/mobile v0.0.0-20240326195318-268e6c3a80d1 h1:BIqk1jNEd94ejPvf9/zT+lL5HqVQnU4JqXddQBfgUyY=
golang.org/x/mobile v0.0.0-20240326195318-268e6c3a80d1/go.mod h1:DN+F2TpepQEh5goqWnM3gopfFakSWM8OmHiz0rPRjT4=
golang.org/x/mod v0.6.0-dev.0.20220419223038-86c51ed26bb4/go.mod h1:jJ57K6gSWd91VN4djpZkiMVwK6gcyfeH4XE8wZrZaV4=
golang.org/x/net v0.0.0-20190620200207-3b0461eec859/go.mod h1:z5CRVTTTmAJ677TzLLGU+0bjPO0LkuOLi4/5GtJWs/s=
golang.org/x/net v0.0.0-20210226172049-e18ecbb05110/go.mod h1:m0MpNAwzfU5UDzcl9v0D8zg8gWTRqZa9RBIspLL5mdg=
golang.org/x/net v0.0.0-20220722155237-a158d28d115b/go.mod h1:XRhObCWvk6IyKnWLug+ECip1KBveYUHfp+8e9klMJ9c=
golang.org/x/sync v0.0.0-20190423024810-112230192c58/go.mod h1:RxMgew5VJxzue5/jJTE5uejpjVlOe/izrB70Jof72aM=
golang.org/x/sync v0.0.0-20220722155255-886fb9371eb4/go.mod h1:RxMgew5VJxzue5/jJTE5uejpjVlOe/izrB70Jof72aM=
golang.org/x/sync v0.6.0 h1:5BMeUDZ7vkXGfEr1x9B4bRcTH4lpkTkpdh0T/J+qjbQ=
golang.org/x/sync v0.6.0/go.mod h1:Czt+wKu1gCyEFDUtn0jG5QVvpJ6rzVqr5aXyt9drQfk=
golang.org/x/sys v0.0.0-20190215142949-d0b11bdaac8a/go.mod h1:STP8DvDyc/dI5b8T5hshtkjS+E42TnysNCUPdjciGhY=
golang.org/x/sys v0.0.0-20201119102817-f84b799fce68/go.mod h1:h1NjWce9XRLGQEsW7wpKNCjG9DtNlClVuFLEZdDNbEs=
golang.org/x/sys v0.0.0-20210615035016-665e8c7367d1/go.mod h1:oPkhp1MJrh7nUepCBck5+mAzfO9JrbApNNgaTdGDITg=
golang.org/x/sys v0.0.0-20210616045830-e2b7044e8c71/go.mod h1:oPkhp1MJrh7nUepCBck5+mAzfO9JrbApNNgaTdGDITg=
golang.org/x/sys v0.0.0-20220520151302-bc2c85ada10a/go.mod h1:oPkhp1MJrh7nUepCBck5+mAzfO9JrbApNNgaTdGDITg=
golang.org/x/sys v0.0.0-20220722155257-8c9f86f7a55f/go.mod h1:oPkhp1MJrh7nUepCBck5+mAzfO9JrbApNNgaTdGDITg=
golang.org/x/sys v0.18.0 h1:DBdB3niSjOA/O0blCZBqDefyWNYveAYMNF1Wum0DYQ4=
golang.org/x/sys v0.18.0/go.mod h1:/VUhepiaJMQUp4+oa/7Zr1D23ma6VTLIYjOOTFZPUcA=
golang.org/x/term v0.0.0-20201126162022-7de9c90e9dd1/go.mod h1:bj7SfCRtBDWHUb9snDiAeCFNEtKQo2Wmx5Cou7ajbmo=
golang.org/x/term v0.0.0-20210927222741-03fcf44c2211/go.mod h1:jbD1KX2456YbFQfuXm/mYQcufACuNUgVhRMnK/tPxf8=
golang.org/x/text v0.3.0/go.mod h1:NqM8EUOU14njkJ3fqMW+pc6Ldnwhi/IjpwHt7yyuwOQ=
golang.org/x/text v0.3.3/go.mod h1:5Zoc/QRtKVWzQhOtBMvqHzDpF6irO9z98xDceosuGiQ=
golang.org/x/text v0.3.7/go.mod h1:u+2+/6zg+i71rQMx5EYifcz6MCKuco9NR6JIITiCfzQ=
golang.org/x/text v0.4.0/go.mod h1:mrYo+phRRbMaCq/xk9113O4dZlRixOauAjOtrjsXDZ8=
golang.org/x/text v0.14.0 h1:ScX5w1eTa3QqT8oi6+ziP7dTV1S2+ALU0bI+0zXKWiQ=
golang.org/x/text v0.14.0/go.mod h1:18ZOQIKpY8NJVqYksKHtTdi31H5itFRjB5/qKTNYzSU=
golang.org/x/tools v0.0.0-20180917221912-90fa682c2a6e/go.mod h1:n7NCudcB/nEzxVGmLbDWY5pfWTLqBcC2KZ6jyYvM4mQ=
golang.org/x/tools v0.0.0-20191119224855-298f0cb1881e/go.mod h1:b+2E5dAYhXwXZwtnZ6UAqBI28+e2cm9otk0dWdXHAEo=
golang.org/x/tools v0.1.12/go.mod h1:hNGJHUnrk76NpqgfD5Aqm5Crs+Hm0VOH/i9J2+nxYbc=
golang.org/x/xerrors v0.0.0-20190717185122-a985d3407aa7/go.mod h1:I/5z698sn9Ka8TeJc9MKroUUfqBBauWjQqLJ2OPfmY0=
gopkg.in/yaml.v3 v3.0.1 h1:fxVm/GzAzEWqLHuvctI91KS9hhNmmWOoWu0XTYJS7CA=
